
Microsoft Visual Studio Solution File, Format Version 12.00
# Visual Studio 15
VisualStudioVersion = 15.0.27130.2010
MinimumVisualStudioVersion = 10.0.40219.1
Project("{FAE04EC0-301F-11D3-BF4B-00C04F79EFBC}") = "ControllerInputLogger", "ControllerInputLogger\ControllerInputLogger.csproj", "{BE05A6F7-0A5E-4EE8-8836-858206CE3A28}"
EndProject
Global
	GlobalSection(SolutionConfigurationPlatforms) = preSolution
		Debug|Any CPU = Debug|Any CPU
		Release|Any CPU = Release|Any CPU
	EndGlobalSection
	GlobalSection(ProjectConfigurationPlatforms) = postSolution
		{BE05A6F7-0A5E-4EE8-8836-858206CE3A28}.Debug|Any CPU.ActiveCfg = Debug|Any CPU
		{BE05A6F7-0A5E-4EE8-8836-858206CE3A28}.Debug|Any CPU.Build.0 = Debug|Any CPU
		{BE05A6F7-0A5E-4EE8-8836-858206CE3A28}.Release|Any CPU.ActiveCfg = Release|Any CPU
		{BE05A6F7-0A5E-4EE8-8836-858206CE3A28}.Release|Any CPU.Build.0 = Release|Any CPU
	EndGlobalSection
	GlobalSection(SolutionProperties) = preSolution
		HideSolutionNode = FALSE
	EndGlobalSection
	GlobalSection(ExtensibilityGlobals) = postSolution
		SolutionGuid = {9159BFE8-6E29-4249-81C2-9A124F84D6CE}
	EndGlobalSection
EndGlobal
